// !$*UTF8*$!
{
	archiveVersion = 1;
	classes = {
	};
	objectVersion = 50;
	objects = {

/* Begin PBXBuildFile section */
		FA4128182726C6640008B06B /* CustomTableViewCell.swift in Sources */ = {isa = PBXBuildFile; fileRef = FA4128172726C6640008B06B /* CustomTableViewCell.swift */; };
		FA739C262717414A003F17C4 /* AppDelegate.swift in Sources */ = {isa = PBXBuildFile; fileRef = FA739C252717414A003F17C4 /* AppDelegate.swift */; };
		FA739C2A2717414A003F17C4 /* ViewController.swift in Sources */ = {isa = PBXBuildFile; fileRef = FA739C292717414A003F17C4 /* ViewController.swift */; };
		FA739C2F2717414D003F17C4 /* Assets.xcassets in Resources */ = {isa = PBXBuildFile; fileRef = FA739C2E2717414D003F17C4 /* Assets.xcassets */; };
		FA739C322717414D003F17C4 /* LaunchScreen.storyboard in Resources */ = {isa = PBXBuildFile; fileRef = FA739C302717414D003F17C4 /* LaunchScreen.storyboard */; };
		FA855C6D271CA048007FE350 /* Field.swift in Sources */ = {isa = PBXBuildFile; fileRef = FA855C6C271CA048007FE350 /* Field.swift */; };
		FA855C6F271CA086007FE350 /* UIView+extensions.swift in Sources */ = {isa = PBXBuildFile; fileRef = FA855C6E271CA086007FE350 /* UIView+extensions.swift */; };
		FA8ADEEE271EF6580020D019 /* MaketController.swift in Sources */ = {isa = PBXBuildFile; fileRef = FA8ADEED271EF6580020D019 /* MaketController.swift */; };
		FA9573D4271B5850007E6A70 /* BaseMath.swift in Sources */ = {isa = PBXBuildFile; fileRef = FA9573D3271B5850007E6A70 /* BaseMath.swift */; };
		FA9573D6271B5875007E6A70 /* BaseMathImpl.swift in Sources */ = {isa = PBXBuildFile; fileRef = FA9573D5271B5875007E6A70 /* BaseMathImpl.swift */; };
		FA9573D8271B5893007E6A70 /* ExpresionPresenter.swift in Sources */ = {isa = PBXBuildFile; fileRef = FA9573D7271B5893007E6A70 /* ExpresionPresenter.swift */; };
		FA9573DA271B58A9007E6A70 /* ExpresionPresenterImpl.swift in Sources */ = {isa = PBXBuildFile; fileRef = FA9573D9271B58A9007E6A70 /* ExpresionPresenterImpl.swift */; };
		FA9573DC271B58C0007E6A70 /* ExpresionView.swift in Sources */ = {isa = PBXBuildFile; fileRef = FA9573DB271B58C0007E6A70 /* ExpresionView.swift */; };
		FA9573DE271B58E1007E6A70 /* Graph.swift in Sources */ = {isa = PBXBuildFile; fileRef = FA9573DD271B58E1007E6A70 /* Graph.swift */; };
		FAEEB88D27198F88005EE1CA /* MainModel.swift in Sources */ = {isa = PBXBuildFile; fileRef = FAEEB88C27198F88005EE1CA /* MainModel.swift */; };
		FAEEB89127199046005EE1CA /* CalculatorController.swift in Sources */ = {isa = PBXBuildFile; fileRef = FAEEB89027199046005EE1CA /* CalculatorController.swift */; };
		FAF2BD8B271DC4DB007B16B4 /* TabBarController.swift in Sources */ = {isa = PBXBuildFile; fileRef = FAF2BD8A271DC4DB007B16B4 /* TabBarController.swift */; };
		FAF2BD8D271DC810007B16B4 /* TableController.swift in Sources */ = {isa = PBXBuildFile; fileRef = FAF2BD8C271DC810007B16B4 /* TableController.swift */; };
/* End PBXBuildFile section */

/* Begin PBXContainerItemProxy section */
		FA739C392717414D003F17C4 /* PBXContainerItemProxy */ = {
			isa = PBXContainerItemProxy;
			containerPortal = FA739C1A2717414A003F17C4 /* Project object */;
			proxyType = 1;
			remoteGlobalIDString = FA739C212717414A003F17C4;
			remoteInfo = calculator;
		};
		FA739C442717414D003F17C4 /* PBXContainerItemProxy */ = {
			isa = PBXContainerItemProxy;
			containerPortal = FA739C1A2717414A003F17C4 /* Project object */;
			proxyType = 1;
			remoteGlobalIDString = FA739C212717414A003F17C4;
			remoteInfo = calculator;
		};
/* End PBXContainerItemProxy section */

/* Begin PBXFileReference section */
		FA4128172726C6640008B06B /* CustomTableViewCell.swift */ = {isa = PBXFileReference; lastKnownFileType = sourcecode.swift; path = CustomTableViewCell.swift; sourceTree = "<group>"; };
		FA739C222717414A003F17C4 /* calculator.app */ = {isa = PBXFileReference; explicitFileType = wrapper.application; includeInIndex = 0; path = calculator.app; sourceTree = BUILT_PRODUCTS_DIR; };
		FA739C252717414A003F17C4 /* AppDelegate.swift */ = {isa = PBXFileReference; lastKnownFileType = sourcecode.swift; path = AppDelegate.swift; sourceTree = "<group>"; };
		FA739C292717414A003F17C4 /* ViewController.swift */ = {isa = PBXFileReference; lastKnownFileType = sourcecode.swift; path = ViewController.swift; sourceTree = "<group>"; };
		FA739C2E2717414D003F17C4 /* Assets.xcassets */ = {isa = PBXFileReference; lastKnownFileType = folder.assetcatalog; path = Assets.xcassets; sourceTree = "<group>"; };
		FA739C312717414D003F17C4 /* Base */ = {isa = PBXFileReference; lastKnownFileType = file.storyboard; name = Base; path = Base.lproj/LaunchScreen.storyboard; sourceTree = "<group>"; };
		FA739C332717414D003F17C4 /* Info.plist */ = {isa = PBXFileReference; lastKnownFileType = text.plist.xml; path = Info.plist; sourceTree = "<group>"; };
		FA739C382717414D003F17C4 /* calculatorTests.xctest */ = {isa = PBXFileReference; explicitFileType = wrapper.cfbundle; includeInIndex = 0; path = calculatorTests.xctest; sourceTree = BUILT_PRODUCTS_DIR; };
		FA739C432717414D003F17C4 /* calculatorUITests.xctest */ = {isa = PBXFileReference; explicitFileType = wrapper.cfbundle; includeInIndex = 0; path = calculatorUITests.xctest; sourceTree = BUILT_PRODUCTS_DIR; };
		FA855C6C271CA048007FE350 /* Field.swift */ = {isa = PBXFileReference; lastKnownFileType = sourcecode.swift; path = Field.swift; sourceTree = "<group>"; };
		FA855C6E271CA086007FE350 /* UIView+extensions.swift */ = {isa = PBXFileReference; lastKnownFileType = sourcecode.swift; path = "UIView+extensions.swift"; sourceTree = "<group>"; };
		FA8ADEED271EF6580020D019 /* MaketController.swift */ = {isa = PBXFileReference; lastKnownFileType = sourcecode.swift; path = MaketController.swift; sourceTree = "<group>"; };
		FA9573D3271B5850007E6A70 /* BaseMath.swift */ = {isa = PBXFileReference; lastKnownFileType = sourcecode.swift; path = BaseMath.swift; sourceTree = "<group>"; };
		FA9573D5271B5875007E6A70 /* BaseMathImpl.swift */ = {isa = PBXFileReference; lastKnownFileType = sourcecode.swift; path = BaseMathImpl.swift; sourceTree = "<group>"; };
		FA9573D7271B5893007E6A70 /* ExpresionPresenter.swift */ = {isa = PBXFileReference; lastKnownFileType = sourcecode.swift; path = ExpresionPresenter.swift; sourceTree = "<group>"; };
		FA9573D9271B58A9007E6A70 /* ExpresionPresenterImpl.swift */ = {isa = PBXFileReference; lastKnownFileType = sourcecode.swift; path = ExpresionPresenterImpl.swift; sourceTree = "<group>"; };
		FA9573DB271B58C0007E6A70 /* ExpresionView.swift */ = {isa = PBXFileReference; lastKnownFileType = sourcecode.swift; path = ExpresionView.swift; sourceTree = "<group>"; };
		FA9573DD271B58E1007E6A70 /* Graph.swift */ = {isa = PBXFileReference; lastKnownFileType = sourcecode.swift; path = Graph.swift; sourceTree = "<group>"; };
		FAEEB88C27198F88005EE1CA /* MainModel.swift */ = {isa = PBXFileReference; lastKnownFileType = sourcecode.swift; path = MainModel.swift; sourceTree = "<group>"; };
		FAEEB89027199046005EE1CA /* CalculatorController.swift */ = {isa = PBXFileReference; lastKnownFileType = sourcecode.swift; path = CalculatorController.swift; sourceTree = "<group>"; };
		FAF2BD8A271DC4DB007B16B4 /* TabBarController.swift */ = {isa = PBXFileReference; lastKnownFileType = sourcecode.swift; path = TabBarController.swift; sourceTree = "<group>"; };
		FAF2BD8C271DC810007B16B4 /* TableController.swift */ = {isa = PBXFileReference; lastKnownFileType = sourcecode.swift; path = TableController.swift; sourceTree = "<group>"; };
/* End PBXFileReference section */

/* Begin PBXFrameworksBuildPhase section */
		FA739C1F2717414A003F17C4 /* Frameworks */ = {
			isa = PBXFrameworksBuildPhase;
			buildActionMask = 2147483647;
			files = (
			);
			runOnlyForDeploymentPostprocessing = 0;
		};
		FA739C352717414D003F17C4 /* Frameworks */ = {
			isa = PBXFrameworksBuildPhase;
			buildActionMask = 2147483647;
			files = (
			);
			runOnlyForDeploymentPostprocessing = 0;
		};
		FA739C402717414D003F17C4 /* Frameworks */ = {
			isa = PBXFrameworksBuildPhase;
			buildActionMask = 2147483647;
			files = (
			);
			runOnlyForDeploymentPostprocessing = 0;
		};
/* End PBXFrameworksBuildPhase section */

/* Begin PBXGroup section */
		FA739C192717414A003F17C4 = {
			isa = PBXGroup;
			children = (
				FA739C242717414A003F17C4 /* calculator */,
				FA739C232717414A003F17C4 /* Products */,
			);
			sourceTree = "<group>";
		};
		FA739C232717414A003F17C4 /* Products */ = {
			isa = PBXGroup;
			children = (
				FA739C222717414A003F17C4 /* calculator.app */,
				FA739C382717414D003F17C4 /* calculatorTests.xctest */,
				FA739C432717414D003F17C4 /* calculatorUITests.xctest */,
			);
			name = Products;
			sourceTree = "<group>";
		};
		FA739C242717414A003F17C4 /* calculator */ = {
			isa = PBXGroup;
			children = (
				FAEEB88A27198E59005EE1CA /* Presenter */,
				FA855C6A271C9ED0007FE350 /* Sources */,
				FAEEB88B27198E60005EE1CA /* View */,
				FAEEB88927198E4F005EE1CA /* Model */,
				FA739C292717414A003F17C4 /* ViewController.swift */,
				FA739C2E2717414D003F17C4 /* Assets.xcassets */,
				FA739C302717414D003F17C4 /* LaunchScreen.storyboard */,
				FA739C332717414D003F17C4 /* Info.plist */,
			);
			path = calculator;
			sourceTree = "<group>";
		};
		FA855C6A271C9ED0007FE350 /* Sources */ = {
			isa = PBXGroup;
			children = (
				FA855C6B271C9EFC007FE350 /* Helper */,
				FA739C252717414A003F17C4 /* AppDelegate.swift */,
				FA9573DD271B58E1007E6A70 /* Graph.swift */,
			);
			path = Sources;
			sourceTree = "<group>";
		};
		FA855C6B271C9EFC007FE350 /* Helper */ = {
			isa = PBXGroup;
			children = (
				FA855C6C271CA048007FE350 /* Field.swift */,
				FA855C6E271CA086007FE350 /* UIView+extensions.swift */,
			);
			path = Helper;
			sourceTree = "<group>";
		};
		FAEEB88927198E4F005EE1CA /* Model */ = {
			isa = PBXGroup;
			children = (
				FAEEB88C27198F88005EE1CA /* MainModel.swift */,
			);
			path = Model;
			sourceTree = "<group>";
		};
		FAEEB88A27198E59005EE1CA /* Presenter */ = {
			isa = PBXGroup;
			children = (
				FA9573D3271B5850007E6A70 /* BaseMath.swift */,
				FA9573D5271B5875007E6A70 /* BaseMathImpl.swift */,
				FA9573D9271B58A9007E6A70 /* ExpresionPresenterImpl.swift */,
				FA9573DB271B58C0007E6A70 /* ExpresionView.swift */,
				FA9573D7271B5893007E6A70 /* ExpresionPresenter.swift */,
			);
			path = Presenter;
			sourceTree = "<group>";
		};
		FAEEB88B27198E60005EE1CA /* View */ = {
			isa = PBXGroup;
			children = (
				FA4128172726C6640008B06B /* CustomTableViewCell.swift */,
				FAEEB89027199046005EE1CA /* CalculatorController.swift */,
				FAF2BD8A271DC4DB007B16B4 /* TabBarController.swift */,
				FAF2BD8C271DC810007B16B4 /* TableController.swift */,
				FA8ADEED271EF6580020D019 /* MaketController.swift */,
			);
			path = View;
			sourceTree = "<group>";
		};
/* End PBXGroup section */

/* Begin PBXNativeTarget section */
		FA739C212717414A003F17C4 /* calculator */ = {
			isa = PBXNativeTarget;
			buildConfigurationList = FA739C4C2717414D003F17C4 /* Build configuration list for PBXNativeTarget "calculator" */;
			buildPhases = (
				FA739C1E2717414A003F17C4 /* Sources */,
				FA739C1F2717414A003F17C4 /* Frameworks */,
				FA739C202717414A003F17C4 /* Resources */,
			);
			buildRules = (
			);
			dependencies = (
			);
			name = calculator;
			productName = calculator;
			productReference = FA739C222717414A003F17C4 /* calculator.app */;
			productType = "com.apple.product-type.application";
		};
		FA739C372717414D003F17C4 /* calculatorTests */ = {
			isa = PBXNativeTarget;
			buildConfigurationList = FA739C4F2717414D003F17C4 /* Build configuration list for PBXNativeTarget "calculatorTests" */;
			buildPhases = (
				FA739C342717414D003F17C4 /* Sources */,
				FA739C352717414D003F17C4 /* Frameworks */,
				FA739C362717414D003F17C4 /* Resources */,
			);
			buildRules = (
			);
			dependencies = (
				FA739C3A2717414D003F17C4 /* PBXTargetDependency */,
			);
			name = calculatorTests;
			productName = calculatorTests;
			productReference = FA739C382717414D003F17C4 /* calculatorTests.xctest */;
			productType = "com.apple.product-type.bundle.unit-test";
		};
		FA739C422717414D003F17C4 /* calculatorUITests */ = {
			isa = PBXNativeTarget;
			buildConfigurationList = FA739C522717414D003F17C4 /* Build configuration list for PBXNativeTarget "calculatorUITests" */;
			buildPhases = (
				FA739C3F2717414D003F17C4 /* Sources */,
				FA739C402717414D003F17C4 /* Frameworks */,
				FA739C412717414D003F17C4 /* Resources */,
			);
			buildRules = (
			);
			dependencies = (
				FA739C452717414D003F17C4 /* PBXTargetDependency */,
			);
			name = calculatorUITests;
			productName = calculatorUITests;
			productReference = FA739C432717414D003F17C4 /* calculatorUITests.xctest */;
			productType = "com.apple.product-type.bundle.ui-testing";
		};
/* End PBXNativeTarget section */

/* Begin PBXProject section */
		FA739C1A2717414A003F17C4 /* Project object */ = {
			isa = PBXProject;
			attributes = {
				LastSwiftUpdateCheck = 1130;
				LastUpgradeCheck = 1130;
				ORGANIZATIONNAME = "Magic Jammie";
				TargetAttributes = {
					FA739C212717414A003F17C4 = {
						CreatedOnToolsVersion = 11.3.1;
					};
					FA739C372717414D003F17C4 = {
						CreatedOnToolsVersion = 11.3.1;
						TestTargetID = FA739C212717414A003F17C4;
					};
					FA739C422717414D003F17C4 = {
						CreatedOnToolsVersion = 11.3.1;
						TestTargetID = FA739C212717414A003F17C4;
					};
				};
			};
			buildConfigurationList = FA739C1D2717414A003F17C4 /* Build configuration list for PBXProject "calculator" */;
			compatibilityVersion = "Xcode 9.3";
			developmentRegion = en;
			hasScannedForEncodings = 0;
			knownRegions = (
				en,
				Base,
			);
			mainGroup = FA739C192717414A003F17C4;
			productRefGroup = FA739C232717414A003F17C4 /* Products */;
			projectDirPath = "";
			projectRoot = "";
			targets = (
				FA739C212717414A003F17C4 /* calculator */,
				FA739C372717414D003F17C4 /* calculatorTests */,
				FA739C422717414D003F17C4 /* calculatorUITests */,
			);
		};
/* End PBXProject section */

/* Begin PBXResourcesBuildPhase section */
		FA739C202717414A003F17C4 /* Resources */ = {
			isa = PBXResourcesBuildPhase;
			buildActionMask = 2147483647;
			files = (
				FA739C322717414D003F17C4 /* LaunchScreen.storyboard in Resources */,
				FA739C2F2717414D003F17C4 /* Assets.xcassets in Resources */,
			);
			runOnlyForDeploymentPostprocessing = 0;
		};
		FA739C362717414D003F17C4 /* Resources */ = {
			isa = PBXResourcesBuildPhase;
			buildActionMask = 2147483647;
			files = (
			);
			runOnlyForDeploymentPostprocessing = 0;
		};
		FA739C412717414D003F17C4 /* Resources */ = {
			isa = PBXResourcesBuildPhase;
			buildActionMask = 2147483647;
			files = (
			);
			runOnlyForDeploymentPostprocessing = 0;
		};
/* End PBXResourcesBuildPhase section */

/* Begin PBXSourcesBuildPhase section */
		FA739C1E2717414A003F17C4 /* Sources */ = {
			isa = PBXSourcesBuildPhase;
			buildActionMask = 2147483647;
			files = (
				FAF2BD8D271DC810007B16B4 /* TableController.swift in Sources */,
				FA9573DE271B58E1007E6A70 /* Graph.swift in Sources */,
				FA4128182726C6640008B06B /* CustomTableViewCell.swift in Sources */,
				FA8ADEEE271EF6580020D019 /* MaketController.swift in Sources */,
				FAF2BD8B271DC4DB007B16B4 /* TabBarController.swift in Sources */,
				FA9573DA271B58A9007E6A70 /* ExpresionPresenterImpl.swift in Sources */,
				FAEEB88D27198F88005EE1CA /* MainModel.swift in Sources */,
				FA9573D4271B5850007E6A70 /* BaseMath.swift in Sources */,
				FAEEB89127199046005EE1CA /* CalculatorController.swift in Sources */,
				FA9573D8271B5893007E6A70 /* ExpresionPresenter.swift in Sources */,
				FA855C6F271CA086007FE350 /* UIView+extensions.swift in Sources */,
				FA9573D6271B5875007E6A70 /* BaseMathImpl.swift in Sources */,
				FA9573DC271B58C0007E6A70 /* ExpresionView.swift in Sources */,
				FA739C2A2717414A003F17C4 /* ViewController.swift in Sources */,
				FA739C262717414A003F17C4 /* AppDelegate.swift in Sources */,
				FA855C6D271CA048007FE350 /* Field.swift in Sources */,
			);
			runOnlyForDeploymentPostprocessing = 0;
		};
		FA739C342717414D003F17C4 /* Sources */ = {
			isa = PBXSourcesBuildPhase;
			buildActionMask = 2147483647;
			files = (
			);
			runOnlyForDeploymentPostprocessing = 0;
		};
		FA739C3F2717414D003F17C4 /* Sources */ = {
			isa = PBXSourcesBuildPhase;
			buildActionMask = 2147483647;
			files = (
			);
			runOnlyForDeploymentPostprocessing = 0;
		};
/* End PBXSourcesBuildPhase section */

/* Begin PBXTargetDependency section */
		FA739C3A2717414D003F17C4 /* PBXTargetDependency */ = {
			isa = PBXTargetDependency;
			target = FA739C212717414A003F17C4 /* calculator */;
			targetProxy = FA739C392717414D003F17C4 /* PBXContainerItemProxy */;
		};
		FA739C452717414D003F17C4 /* PBXTargetDependency */ = {
			isa = PBXTargetDependency;
			target = FA739C212717414A003F17C4 /* calculator */;
			targetProxy = FA739C442717414D003F17C4 /* PBXContainerItemProxy */;
		};
/* End PBXTargetDependency section */

/* Begin PBXVariantGroup section */
		FA739C302717414D003F17C4 /* LaunchScreen.storyboard */ = {
			isa = PBXVariantGroup;
			children = (
				FA739C312717414D003F17C4 /* Base */,
			);
			name = LaunchScreen.storyboard;
			sourceTree = "<group>";
		};
/* End PBXVariantGroup section */

/* Begin XCBuildConfiguration section */
		FA739C4A2717414D003F17C4 /* Debug */ = {
			isa = XCBuildConfiguration;
			buildSettings = {
				ALWAYS_SEARCH_USER_PATHS = NO;
				CLANG_ANALYZER_NONNULL = YES;
				CLANG_ANALYZER_NUMBER_OBJECT_CONVERSION = YES_AGGRESSIVE;
				CLANG_CXX_LANGUAGE_STANDARD = "gnu++14";
				CLANG_CXX_LIBRARY = "libc++";
				CLANG_ENABLE_MODULES = YES;
				CLANG_ENABLE_OBJC_ARC = YES;
				CLANG_ENABLE_OBJC_WEAK = YES;
				CLANG_WARN_BLOCK_CAPTURE_AUTORELEASING = YES;
				CLANG_WARN_BOOL_CONVERSION = YES;
				CLANG_WARN_COMMA = YES;
				CLANG_WARN_CONSTANT_CONVERSION = YES;
				CLANG_WARN_DEPRECATED_OBJC_IMPLEMENTATIONS = YES;
				CLANG_WARN_DIRECT_OBJC_ISA_USAGE = YES_ERROR;
				CLANG_WARN_DOCUMENTATION_COMMENTS = YES;
				CLANG_WARN_EMPTY_BODY = YES;
				CLANG_WARN_ENUM_CONVERSION = YES;
				CLANG_WARN_INFINITE_RECURSION = YES;
				CLANG_WARN_INT_CONVERSION = YES;
				CLANG_WARN_NON_LITERAL_NULL_CONVERSION = YES;
				CLANG_WARN_OBJC_IMPLICIT_RETAIN_SELF = YES;
				CLANG_WARN_OBJC_LITERAL_CONVERSION = YES;
				CLANG_WARN_OBJC_ROOT_CLASS = YES_ERROR;
				CLANG_WARN_RANGE_LOOP_ANALYSIS = YES;
				CLANG_WARN_STRICT_PROTOTYPES = YES;
				CLANG_WARN_SUSPICIOUS_MOVE = YES;
				CLANG_WARN_UNGUARDED_AVAILABILITY = YES_AGGRESSIVE;
				CLANG_WARN_UNREACHABLE_CODE = YES;
				CLANG_WARN__DUPLICATE_METHOD_MATCH = YES;
				COPY_PHASE_STRIP = NO;
				DEBUG_INFORMATION_FORMAT = dwarf;
				ENABLE_STRICT_OBJC_MSGSEND = YES;
				ENABLE_TESTABILITY = YES;
				GCC_C_LANGUAGE_STANDARD = gnu11;
				GCC_DYNAMIC_NO_PIC = NO;
				GCC_NO_COMMON_BLOCKS = YES;
				GCC_OPTIMIZATION_LEVEL = 0;
				GCC_PREPROCESSOR_DEFINITIONS = (
					"DEBUG=1",
					"$(inherited)",
				);
				GCC_WARN_64_TO_32_BIT_CONVERSION = YES;
				GCC_WARN_ABOUT_RETURN_TYPE = YES_ERROR;
				GCC_WARN_UNDECLARED_SELECTOR = YES;
				GCC_WARN_UNINITIALIZED_AUTOS = YES_AGGRESSIVE;
				GCC_WARN_UNUSED_FUNCTION = YES;
				GCC_WARN_UNUSED_VARIABLE = YES;
				IPHONEOS_DEPLOYMENT_TARGET = 13.2;
				MTL_ENABLE_DEBUG_INFO = INCLUDE_SOURCE;
				MTL_FAST_MATH = YES;
				ONLY_ACTIVE_ARCH = YES;
				SDKROOT = iphoneos;
				SWIFT_ACTIVE_COMPILATION_CONDITIONS = DEBUG;
				SWIFT_OPTIMIZATION_LEVEL = "-Onone";
			};
			name = Debug;
		};
		FA739C4B2717414D003F17C4 /* Release */ = {
			isa = XCBuildConfiguration;
			buildSettings = {
				ALWAYS_SEARCH_USER_PATHS = NO;
				CLANG_ANALYZER_NONNULL = YES;
				CLANG_ANALYZER_NUMBER_OBJECT_CONVERSION = YES_AGGRESSIVE;
				CLANG_CXX_LANGUAGE_STANDARD = "gnu++14";
				CLANG_CXX_LIBRARY = "libc++";
				CLANG_ENABLE_MODULES = YES;
				CLANG_ENABLE_OBJC_ARC = YES;
				CLANG_ENABLE_OBJC_WEAK = YES;
				CLANG_WARN_BLOCK_CAPTURE_AUTORELEASING = YES;
				CLANG_WARN_BOOL_CONVERSION = YES;
				CLANG_WARN_COMMA = YES;
				CLANG_WARN_CONSTANT_CONVERSION = YES;
				CLANG_WARN_DEPRECATED_OBJC_IMPLEMENTATIONS = YES;
				CLANG_WARN_DIRECT_OBJC_ISA_USAGE = YES_ERROR;
				CLANG_WARN_DOCUMENTATION_COMMENTS = YES;
				CLANG_WARN_EMPTY_BODY = YES;
				CLANG_WARN_ENUM_CONVERSION = YES;
				CLANG_WARN_INFINITE_RECURSION = YES;
				CLANG_WARN_INT_CONVERSION = YES;
				CLANG_WARN_NON_LITERAL_NULL_CONVERSION = YES;
				CLANG_WARN_OBJC_IMPLICIT_RETAIN_SELF = YES;
				CLANG_WARN_OBJC_LITERAL_CONVERSION = YES;
				CLANG_WARN_OBJC_ROOT_CLASS = YES_ERROR;
				CLANG_WARN_RANGE_LOOP_ANALYSIS = YES;
				CLANG_WARN_STRICT_PROTOTYPES = YES;
				CLANG_WARN_SUSPICIOUS_MOVE = YES;
				CLANG_WARN_UNGUARDED_AVAILABILITY = YES_AGGRESSIVE;
				CLANG_WARN_UNREACHABLE_CODE = YES;
				CLANG_WARN__DUPLICATE_METHOD_MATCH = YES;
				COPY_PHASE_STRIP = NO;
				DEBUG_INFORMATION_FORMAT = "dwarf-with-dsym";
				ENABLE_NS_ASSERTIONS = NO;
				ENABLE_STRICT_OBJC_MSGSEND = YES;
				GCC_C_LANGUAGE_STANDARD = gnu11;
				GCC_NO_COMMON_BLOCKS = YES;
				GCC_WARN_64_TO_32_BIT_CONVERSION = YES;
				GCC_WARN_ABOUT_RETURN_TYPE = YES_ERROR;
				GCC_WARN_UNDECLARED_SELECTOR = YES;
				GCC_WARN_UNINITIALIZED_AUTOS = YES_AGGRESSIVE;
				GCC_WARN_UNUSED_FUNCTION = YES;
				GCC_WARN_UNUSED_VARIABLE = YES;
				IPHONEOS_DEPLOYMENT_TARGET = 13.2;
				MTL_ENABLE_DEBUG_INFO = NO;
				MTL_FAST_MATH = YES;
				SDKROOT = iphoneos;
				SWIFT_COMPILATION_MODE = wholemodule;
				SWIFT_OPTIMIZATION_LEVEL = "-O";
				VALIDATE_PRODUCT = YES;
			};
			name = Release;
		};
		FA739C4D2717414D003F17C4 /* Debug */ = {
			isa = XCBuildConfiguration;
			buildSettings = {
				ASSETCATALOG_COMPILER_APPICON_NAME = AppIcon;
				CODE_SIGN_STYLE = Automatic;
				INFOPLIST_FILE = calculator/Info.plist;
				LD_RUNPATH_SEARCH_PATHS = (
					"$(inherited)",
					"@executable_path/Frameworks",
				);
				PRODUCT_BUNDLE_IDENTIFIER = "Magic-Jammie.calculator";
				PRODUCT_NAME = "$(TARGET_NAME)";
				SWIFT_VERSION = 5.0;
				TARGETED_DEVICE_FAMILY = "1,2";
			};
			name = Debug;
		};
		FA739C4E2717414D003F17C4 /* Release */ = {
			isa = XCBuildConfiguration;
			buildSettings = {
				ASSETCATALOG_COMPILER_APPICON_NAME = AppIcon;
				CODE_SIGN_STYLE = Automatic;
				INFOPLIST_FILE = calculator/Info.plist;
				LD_RUNPATH_SEARCH_PATHS = (
					"$(inherited)",
					"@executable_path/Frameworks",
				);
				PRODUCT_BUNDLE_IDENTIFIER = "Magic-Jammie.calculator";
				PRODUCT_NAME = "$(TARGET_NAME)";
				SWIFT_VERSION = 5.0;
				TARGETED_DEVICE_FAMILY = "1,2";
			};
			name = Release;
		};
		FA739C502717414D003F17C4 /* Debug */ = {
			isa = XCBuildConfiguration;
			buildSettings = {
				ALWAYS_EMBED_SWIFT_STANDARD_LIBRARIES = YES;
				BUNDLE_LOADER = "$(TEST_HOST)";
				CODE_SIGN_STYLE = Automatic;
				INFOPLIST_FILE = calculatorTests/Info.plist;
				IPHONEOS_DEPLOYMENT_TARGET = 13.2;
				LD_RUNPATH_SEARCH_PATHS = (
					"$(inherited)",
					"@executable_path/Frameworks",
					"@loader_path/Frameworks",
				);
				PRODUCT_BUNDLE_IDENTIFIER = "Magic-Jammie.calculatorTests";
				PRODUCT_NAME = "$(TARGET_NAME)";
				SWIFT_VERSION = 5.0;
				TARGETED_DEVICE_FAMILY = "1,2";
				TEST_HOST = "$(BUILT_PRODUCTS_DIR)/calculator.app/calculator";
			};
			name = Debug;
		};
		FA739C512717414D003F17C4 /* Release */ = {
			isa = XCBuildConfiguration;
			buildSettings = {
				ALWAYS_EMBED_SWIFT_STANDARD_LIBRARIES = YES;
				BUNDLE_LOADER = "$(TEST_HOST)";
				CODE_SIGN_STYLE = Automatic;
				INFOPLIST_FILE = calculatorTests/Info.plist;
				IPHONEOS_DEPLOYMENT_TARGET = 13.2;
				LD_RUNPATH_SEARCH_PATHS = (
					"$(inherited)",
					"@executable_path/Frameworks",
					"@loader_path/Frameworks",
				);
				PRODUCT_BUNDLE_IDENTIFIER = "Magic-Jammie.calculatorTests";
				PRODUCT_NAME = "$(TARGET_NAME)";
				SWIFT_VERSION = 5.0;
				TARGETED_DEVICE_FAMILY = "1,2";
				TEST_HOST = "$(BUILT_PRODUCTS_DIR)/calculator.app/calculator";
			};
			name = Release;
		};
		FA739C532717414D003F17C4 /* Debug */ = {
			isa = XCBuildConfiguration;
			buildSettings = {
				ALWAYS_EMBED_SWIFT_STANDARD_LIBRARIES = YES;
				CODE_SIGN_STYLE = Automatic;
				INFOPLIST_FILE = calculatorUITests/Info.plist;
				LD_RUNPATH_SEARCH_PATHS = (
					"$(inherited)",
					"@executable_path/Frameworks",
					"@loader_path/Frameworks",
				);
				PRODUCT_BUNDLE_IDENTIFIER = "Magic-Jammie.calculatorUITests";
				PRODUCT_NAME = "$(TARGET_NAME)";
				SWIFT_VERSION = 5.0;
				TARGETED_DEVICE_FAMILY = "1,2";
				TEST_TARGET_NAME = calculator;
			};
			name = Debug;
		};
		FA739C542717414D003F17C4 /* Release */ = {
			isa = XCBuildConfiguration;
			buildSettings = {
				ALWAYS_EMBED_SWIFT_STANDARD_LIBRARIES = YES;
				CODE_SIGN_STYLE = Automatic;
				INFOPLIST_FILE = calculatorUITests/Info.plist;
				LD_RUNPATH_SEARCH_PATHS = (
					"$(inherited)",
					"@executable_path/Frameworks",
					"@loader_path/Frameworks",
				);
				PRODUCT_BUNDLE_IDENTIFIER = "Magic-Jammie.calculatorUITests";
				PRODUCT_NAME = "$(TARGET_NAME)";
				SWIFT_VERSION = 5.0;
				TARGETED_DEVICE_FAMILY = "1,2";
				TEST_TARGET_NAME = calculator;
			};
			name = Release;
		};
/* End XCBuildConfiguration section */

/* Begin XCConfigurationList section */
		FA739C1D2717414A003F17C4 /* Build configuration list for PBXProject "calculator" */ = {
			isa = XCConfigurationList;
			buildConfigurations = (
				FA739C4A2717414D003F17C4 /* Debug */,
				FA739C4B2717414D003F17C4 /* Release */,
			);
			defaultConfigurationIsVisible = 0;
			defaultConfigurationName = Release;
		};
		FA739C4C2717414D003F17C4 /* Build configuration list for PBXNativeTarget "calculator" */ = {
			isa = XCConfigurationList;
			buildConfigurations = (
				FA739C4D2717414D003F17C4 /* Debug */,
				FA739C4E2717414D003F17C4 /* Release */,
			);
			defaultConfigurationIsVisible = 0;
			defaultConfigurationName = Release;
		};
		FA739C4F2717414D003F17C4 /* Build configuration list for PBXNativeTarget "calculatorTests" */ = {
			isa = XCConfigurationList;
			buildConfigurations = (
				FA739C502717414D003F17C4 /* Debug */,
				FA739C512717414D003F17C4 /* Release */,
			);
			defaultConfigurationIsVisible = 0;
			defaultConfigurationName = Release;
		};
		FA739C522717414D003F17C4 /* Build configuration list for PBXNativeTarget "calculatorUITests" */ = {
			isa = XCConfigurationList;
			buildConfigurations = (
				FA739C532717414D003F17C4 /* Debug */,
				FA739C542717414D003F17C4 /* Release */,
			);
			defaultConfigurationIsVisible = 0;
			defaultConfigurationName = Release;
		};
/* End XCConfigurationList section */
	};
	rootObject = FA739C1A2717414A003F17C4 /* Project object */;
}
